
Microsoft Visual Studio Solution File, Format Version 12.00
# Visual Studio 15
VisualStudioVersion = 15.0.28307.779
MinimumVisualStudioVersion = 10.0.40219.1
Project("{FAE04EC0-301F-11D3-BF4B-00C04F79EFBC}") = "VideoMain", "VideoMain\VideoMain.csproj", "{2083BD36-A500-468B-ABE9-5A87601AF743}"
EndProject
Global
	GlobalSection(SolutionConfigurationPlatforms) = preSolution
		Debug|Any CPU = Debug|Any CPU
		Release|Any CPU = Release|Any CPU
	EndGlobalSection
	GlobalSection(ProjectConfigurationPlatforms) = postSolution
		{2083BD36-A500-468B-ABE9-5A87601AF743}.Debug|Any CPU.ActiveCfg = Debug|Any CPU
		{2083BD36-A500-468B-ABE9-5A87601AF743}.Debug|Any CPU.Build.0 = Debug|Any CPU
		{2083BD36-A500-468B-ABE9-5A87601AF743}.Release|Any CPU.ActiveCfg = Release|Any CPU
		{2083BD36-A500-468B-ABE9-5A87601AF743}.Release|Any CPU.Build.0 = Release|Any CPU
	EndGlobalSection
	GlobalSection(SolutionProperties) = preSolution
		HideSolutionNode = FALSE
	EndGlobalSection
	GlobalSection(ExtensibilityGlobals) = postSolution
		SolutionGuid = {94DB78E7-EB07-4B56-8D8A-7701B2B08EB6}
	EndGlobalSection
EndGlobal
